
Microsoft Visual Studio Solution File, Format Version 12.00
# Visual Studio Version 17
VisualStudioVersion = 17.5.002.0
MinimumVisualStudioVersion = 10.0.40219.1
Project("{9A19103F-16F7-4668-BE54-9A1E7A4F7556}") = "RouletteDemo.Api", "RouletteDemo.Api\RouletteDemo.Api.csproj", "{8DEE7234-66B0-45B4-9E39-6CEBC4A6B502}"
EndProject
Project("{FAE04EC0-301F-11D3-BF4B-00C04F79EFBC}") = "RouletteDemo.Api.Tests1", "RouletteDemo.Api.Tests1\RouletteDemo.Api.Tests1.csproj", "{B975D0C9-1D9B-4851-94A4-DBB27C80139F}"
EndProject
Global
	GlobalSection(SolutionConfigurationPlatforms) = preSolution
		Debug|Any CPU = Debug|Any CPU
		Release|Any CPU = Release|Any CPU
	EndGlobalSection
	GlobalSection(ProjectConfigurationPlatforms) = postSolution
		{8DEE7234-66B0-45B4-9E39-6CEBC4A6B502}.Debug|Any CPU.ActiveCfg = Debug|Any CPU
		{8DEE7234-66B0-45B4-9E39-6CEBC4A6B502}.Debug|Any CPU.Build.0 = Debug|Any CPU
		{8DEE7234-66B0-45B4-9E39-6CEBC4A6B502}.Release|Any CPU.ActiveCfg = Release|Any CPU
		{8DEE7234-66B0-45B4-9E39-6CEBC4A6B502}.Release|Any CPU.Build.0 = Release|Any CPU
		{B975D0C9-1D9B-4851-94A4-DBB27C80139F}.Debug|Any CPU.ActiveCfg = Debug|Any CPU
		{B975D0C9-1D9B-4851-94A4-DBB27C80139F}.Debug|Any CPU.Build.0 = Debug|Any CPU
		{B975D0C9-1D9B-4851-94A4-DBB27C80139F}.Release|Any CPU.ActiveCfg = Release|Any CPU
		{B975D0C9-1D9B-4851-94A4-DBB27C80139F}.Release|Any CPU.Build.0 = Release|Any CPU
	EndGlobalSection
	GlobalSection(SolutionProperties) = preSolution
		HideSolutionNode = FALSE
	EndGlobalSection
	GlobalSection(ExtensibilityGlobals) = postSolution
		SolutionGuid = {72437110-8DBA-4E34-82DE-A2AEA5D614D5}
	EndGlobalSection
EndGlobal
